
Microsoft Visual Studio Solution File, Format Version 12.00
# Visual Studio 15
VisualStudioVersion = 15.0.28307.757
MinimumVisualStudioVersion = 10.0.40219.1
Project("{FAE04EC0-301F-11D3-BF4B-00C04F79EFBC}") = "FutureHR", "FutureHR\FutureHR.csproj", "{F114BA90-B059-42E3-A55D-CD2004E3AB0E}"
EndProject
Global
	GlobalSection(SolutionConfigurationPlatforms) = preSolution
		Debug|Any CPU = Debug|Any CPU
		Release|Any CPU = Release|Any CPU
	EndGlobalSection
	GlobalSection(ProjectConfigurationPlatforms) = postSolution
		{F114BA90-B059-42E3-A55D-CD2004E3AB0E}.Debug|Any CPU.ActiveCfg = Debug|Any CPU
		{F114BA90-B059-42E3-A55D-CD2004E3AB0E}.Debug|Any CPU.Build.0 = Debug|Any CPU
		{F114BA90-B059-42E3-A55D-CD2004E3AB0E}.Release|Any CPU.ActiveCfg = Release|Any CPU
		{F114BA90-B059-42E3-A55D-CD2004E3AB0E}.Release|Any CPU.Build.0 = Release|Any CPU
	EndGlobalSection
	GlobalSection(SolutionProperties) = preSolution
		HideSolutionNode = FALSE
	EndGlobalSection
	GlobalSection(ExtensibilityGlobals) = postSolution
		SolutionGuid = {B99775E9-B38D-4E1F-BC85-22C804FF110D}
	EndGlobalSection
EndGlobal
